// !$*UTF8*$!
{
	archiveVersion = 1;
	classes = {
	};
	objectVersion = 56;
	objects = {

/* Begin PBXBuildFile section */
		800194012D104B47000A7D1F /* LJDoveLayout.m in Sources */ = {isa = PBXBuildFile; fileRef = 800194002D104B47000A7D1F /* LJDoveLayout.m */; };
		800194082D118EE8000A7D1F /* LJDoveCell.m in Sources */ = {isa = PBXBuildFile; fileRef = 800194072D118EE8000A7D1F /* LJDoveCell.m */; };
		807D25A02D06F8B30005C9B0 /* AppDelegate.m in Sources */ = {isa = PBXBuildFile; fileRef = 807D259F2D06F8B30005C9B0 /* AppDelegate.m */; };
		807D25A32D06F8B30005C9B0 /* SceneDelegate.m in Sources */ = {isa = PBXBuildFile; fileRef = 807D25A22D06F8B30005C9B0 /* SceneDelegate.m */; };
		807D25A62D06F8B30005C9B0 /* ViewController.m in Sources */ = {isa = PBXBuildFile; fileRef = 807D25A52D06F8B30005C9B0 /* ViewController.m */; };
		807D25A92D06F8B30005C9B0 /* Base in Resources */ = {isa = PBXBuildFile; fileRef = 807D25A82D06F8B30005C9B0 /* Base */; };
		807D25AB2D06F8B40005C9B0 /* Assets.xcassets in Resources */ = {isa = PBXBuildFile; fileRef = 807D25AA2D06F8B40005C9B0 /* Assets.xcassets */; };
		807D25AE2D06F8B40005C9B0 /* Base in Resources */ = {isa = PBXBuildFile; fileRef = 807D25AD2D06F8B40005C9B0 /* Base */; };
		807D25B12D06F8B40005C9B0 /* main.m in Sources */ = {isa = PBXBuildFile; fileRef = 807D25B02D06F8B40005C9B0 /* main.m */; };
/* End PBXBuildFile section */

/* Begin PBXFileReference section */
		800193FF2D104B47000A7D1F /* LJDoveLayout.h */ = {isa = PBXFileReference; lastKnownFileType = sourcecode.c.h; path = LJDoveLayout.h; sourceTree = "<group>"; };
		800194002D104B47000A7D1F /* LJDoveLayout.m */ = {isa = PBXFileReference; lastKnownFileType = sourcecode.c.objc; path = LJDoveLayout.m; sourceTree = "<group>"; };
		800194062D118EE8000A7D1F /* LJDoveCell.h */ = {isa = PBXFileReference; lastKnownFileType = sourcecode.c.h; path = LJDoveCell.h; sourceTree = "<group>"; };
		800194072D118EE8000A7D1F /* LJDoveCell.m */ = {isa = PBXFileReference; lastKnownFileType = sourcecode.c.objc; path = LJDoveCell.m; sourceTree = "<group>"; };
		807D259B2D06F8B30005C9B0 /* LJDoveCollection.app */ = {isa = PBXFileReference; explicitFileType = wrapper.application; includeInIndex = 0; path = LJDoveCollection.app; sourceTree = BUILT_PRODUCTS_DIR; };
		807D259E2D06F8B30005C9B0 /* AppDelegate.h */ = {isa = PBXFileReference; lastKnownFileType = sourcecode.c.h; path = AppDelegate.h; sourceTree = "<group>"; };
		807D259F2D06F8B30005C9B0 /* AppDelegate.m */ = {isa = PBXFileReference; lastKnownFileType = sourcecode.c.objc; path = AppDelegate.m; sourceTree = "<group>"; };
		807D25A12D06F8B30005C9B0 /* SceneDelegate.h */ = {isa = PBXFileReference; lastKnownFileType = sourcecode.c.h; path = SceneDelegate.h; sourceTree = "<group>"; };
		807D25A22D06F8B30005C9B0 /* SceneDelegate.m */ = {isa = PBXFileReference; lastKnownFileType = sourcecode.c.objc; path = SceneDelegate.m; sourceTree = "<group>"; };
		807D25A42D06F8B30005C9B0 /* ViewController.h */ = {isa = PBXFileReference; lastKnownFileType = sourcecode.c.h; path = ViewController.h; sourceTree = "<group>"; };
		807D25A52D06F8B30005C9B0 /* ViewController.m */ = {isa = PBXFileReference; lastKnownFileType = sourcecode.c.objc; path = ViewController.m; sourceTree = "<group>"; };
		807D25A82D06F8B30005C9B0 /* Base */ = {isa = PBXFileReference; lastKnownFileType = file.storyboard; name = Base; path = Base.lproj/Main.storyboard; sourceTree = "<group>"; };
		807D25AA2D06F8B40005C9B0 /* Assets.xcassets */ = {isa = PBXFileReference; lastKnownFileType = folder.assetcatalog; path = Assets.xcassets; sourceTree = "<group>"; };
		807D25AD2D06F8B40005C9B0 /* Base */ = {isa = PBXFileReference; lastKnownFileType = file.storyboard; name = Base; path = Base.lproj/LaunchScreen.storyboard; sourceTree = "<group>"; };
		807D25AF2D06F8B40005C9B0 /* Info.plist */ = {isa = PBXFileReference; lastKnownFileType = text.plist.xml; path = Info.plist; sourceTree = "<group>"; };
		807D25B02D06F8B40005C9B0 /* main.m */ = {isa = PBXFileReference; lastKnownFileType = sourcecode.c.objc; path = main.m; sourceTree = "<group>"; };
/* End PBXFileReference section */

/* Begin PBXFrameworksBuildPhase section */
		807D25982D06F8B30005C9B0 /* Frameworks */ = {
			isa = PBXFrameworksBuildPhase;
			buildActionMask = 2147483647;
			files = (
			);
			runOnlyForDeploymentPostprocessing = 0;
		};
/* End PBXFrameworksBuildPhase section */

/* Begin PBXGroup section */
		807D25922D06F8B30005C9B0 = {
			isa = PBXGroup;
			children = (
				807D259D2D06F8B30005C9B0 /* LJDoveCollection */,
				807D259C2D06F8B30005C9B0 /* Products */,
			);
			sourceTree = "<group>";
		};
		807D259C2D06F8B30005C9B0 /* Products */ = {
			isa = PBXGroup;
			children = (
				807D259B2D06F8B30005C9B0 /* LJDoveCollection.app */,
			);
			name = Products;
			sourceTree = "<group>";
		};
		807D259D2D06F8B30005C9B0 /* LJDoveCollection */ = {
			isa = PBXGroup;
			children = (
				807D259E2D06F8B30005C9B0 /* AppDelegate.h */,
				807D259F2D06F8B30005C9B0 /* AppDelegate.m */,
				807D25A12D06F8B30005C9B0 /* SceneDelegate.h */,
				807D25A22D06F8B30005C9B0 /* SceneDelegate.m */,
				807D25A42D06F8B30005C9B0 /* ViewController.h */,
				807D25A52D06F8B30005C9B0 /* ViewController.m */,
				800194062D118EE8000A7D1F /* LJDoveCell.h */,
				800194072D118EE8000A7D1F /* LJDoveCell.m */,
				800193FF2D104B47000A7D1F /* LJDoveLayout.h */,
				800194002D104B47000A7D1F /* LJDoveLayout.m */,
				807D25A72D06F8B30005C9B0 /* Main.storyboard */,
				807D25AA2D06F8B40005C9B0 /* Assets.xcassets */,
				807D25AC2D06F8B40005C9B0 /* LaunchScreen.storyboard */,
				807D25AF2D06F8B40005C9B0 /* Info.plist */,
				807D25B02D06F8B40005C9B0 /* main.m */,
			);
			path = LJDoveCollection;
			sourceTree = "<group>";
		};
/* End PBXGroup section */

/* Begin PBXNativeTarget section */
		807D259A2D06F8B30005C9B0 /* LJDoveCollection */ = {
			isa = PBXNativeTarget;
			buildConfigurationList = 807D25B42D06F8B40005C9B0 /* Build configuration list for PBXNativeTarget "LJDoveCollection" */;
			buildPhases = (
				807D25972D06F8B30005C9B0 /* Sources */,
				807D25982D06F8B30005C9B0 /* Frameworks */,
				807D25992D06F8B30005C9B0 /* Resources */,
			);
			buildRules = (
			);
			dependencies = (
			);
			name = LJDoveCollection;
			productName = LJDoveCollection;
			productReference = 807D259B2D06F8B30005C9B0 /* LJDoveCollection.app */;
			productType = "com.apple.product-type.application";
		};
/* End PBXNativeTarget section */

/* Begin PBXProject section */
		807D25932D06F8B30005C9B0 /* Project object */ = {
			isa = PBXProject;
			attributes = {
				BuildIndependentTargetsInParallel = 1;
				LastUpgradeCheck = 1540;
				TargetAttributes = {
					807D259A2D06F8B30005C9B0 = {
						CreatedOnToolsVersion = 15.4;
					};
				};
			};
			buildConfigurationList = 807D25962D06F8B30005C9B0 /* Build configuration list for PBXProject "LJDoveCollection" */;
			compatibilityVersion = "Xcode 14.0";
			developmentRegion = en;
			hasScannedForEncodings = 0;
			knownRegions = (
				en,
				Base,
			);
			mainGroup = 807D25922D06F8B30005C9B0;
			productRefGroup = 807D259C2D06F8B30005C9B0 /* Products */;
			projectDirPath = "";
			projectRoot = "";
			targets = (
				807D259A2D06F8B30005C9B0 /* LJDoveCollection */,
			);
		};
/* End PBXProject section */

/* Begin PBXResourcesBuildPhase section */
		807D25992D06F8B30005C9B0 /* Resources */ = {
			isa = PBXResourcesBuildPhase;
			buildActionMask = 2147483647;
			files = (
				807D25AB2D06F8B40005C9B0 /* Assets.xcassets in Resources */,
				807D25AE2D06F8B40005C9B0 /* Base in Resources */,
				807D25A92D06F8B30005C9B0 /* Base in Resources */,
			);
			runOnlyForDeploymentPostprocessing = 0;
		};
/* End PBXResourcesBuildPhase section */

/* Begin PBXSourcesBuildPhase section */
		807D25972D06F8B30005C9B0 /* Sources */ = {
			isa = PBXSourcesBuildPhase;
			buildActionMask = 2147483647;
			files = (
				807D25A62D06F8B30005C9B0 /* ViewController.m in Sources */,
				807D25A02D06F8B30005C9B0 /* AppDelegate.m in Sources */,
				800194012D104B47000A7D1F /* LJDoveLayout.m in Sources */,
				807D25B12D06F8B40005C9B0 /* main.m in Sources */,
				800194082D118EE8000A7D1F /* LJDoveCell.m in Sources */,
				807D25A32D06F8B30005C9B0 /* SceneDelegate.m in Sources */,
			);
			runOnlyForDeploymentPostprocessing = 0;
		};
/* End PBXSourcesBuildPhase section */

/* Begin PBXVariantGroup section */
		807D25A72D06F8B30005C9B0 /* Main.storyboard */ = {
			isa = PBXVariantGroup;
			children = (
				807D25A82D06F8B30005C9B0 /* Base */,
			);
			name = Main.storyboard;
			sourceTree = "<group>";
		};
		807D25AC2D06F8B40005C9B0 /* LaunchScreen.storyboard */ = {
			isa = PBXVariantGroup;
			children = (
				807D25AD2D06F8B40005C9B0 /* Base */,
			);
			name = LaunchScreen.storyboard;
			sourceTree = "<group>";
		};
/* End PBXVariantGroup section */

/* Begin XCBuildConfiguration section */
		807D25B22D06F8B40005C9B0 /* Debug */ = {
			isa = XCBuildConfiguration;
			buildSettings = {
				ALWAYS_SEARCH_USER_PATHS = NO;
				ASSETCATALOG_COMPILER_GENERATE_SWIFT_ASSET_SYMBOL_EXTENSIONS = YES;
				CLANG_ANALYZER_NONNULL = YES;
				CLANG_ANALYZER_NUMBER_OBJECT_CONVERSION = YES_AGGRESSIVE;
				CLANG_CXX_LANGUAGE_STANDARD = "gnu++20";
				CLANG_ENABLE_MODULES = YES;
				CLANG_ENABLE_OBJC_ARC = YES;
				CLANG_ENABLE_OBJC_WEAK = YES;
				CLANG_WARN_BLOCK_CAPTURE_AUTORELEASING = YES;
				CLANG_WARN_BOOL_CONVERSION = YES;
				CLANG_WARN_COMMA = YES;
				CLANG_WARN_CONSTANT_CONVERSION = YES;
				CLANG_WARN_DEPRECATED_OBJC_IMPLEMENTATIONS = YES;
				CLANG_WARN_DIRECT_OBJC_ISA_USAGE = YES_ERROR;
				CLANG_WARN_DOCUMENTATION_COMMENTS = YES;
				CLANG_WARN_EMPTY_BODY = YES;
				CLANG_WARN_ENUM_CONVERSION = YES;
				CLANG_WARN_INFINITE_RECURSION = YES;
				CLANG_WARN_INT_CONVERSION = YES;
				CLANG_WARN_NON_LITERAL_NULL_CONVERSION = YES;
				CLANG_WARN_OBJC_IMPLICIT_RETAIN_SELF = YES;
				CLANG_WARN_OBJC_LITERAL_CONVERSION = YES;
				CLANG_WARN_OBJC_ROOT_CLASS = YES_ERROR;
				CLANG_WARN_QUOTED_INCLUDE_IN_FRAMEWORK_HEADER = YES;
				CLANG_WARN_RANGE_LOOP_ANALYSIS = YES;
				CLANG_WARN_STRICT_PROTOTYPES = YES;
				CLANG_WARN_SUSPICIOUS_MOVE = YES;
				CLANG_WARN_UNGUARDED_AVAILABILITY = YES_AGGRESSIVE;
				CLANG_WARN_UNREACHABLE_CODE = YES;
				CLANG_WARN__DUPLICATE_METHOD_MATCH = YES;
				COPY_PHASE_STRIP = NO;
				DEBUG_INFORMATION_FORMAT = dwarf;
				ENABLE_STRICT_OBJC_MSGSEND = YES;
				ENABLE_TESTABILITY = YES;
				ENABLE_USER_SCRIPT_SANDBOXING = YES;
				GCC_C_LANGUAGE_STANDARD = gnu17;
				GCC_DYNAMIC_NO_PIC = NO;
				GCC_NO_COMMON_BLOCKS = YES;
				GCC_OPTIMIZATION_LEVEL = 0;
				GCC_PREPROCESSOR_DEFINITIONS = (
					"DEBUG=1",
					"$(inherited)",
				);
				GCC_WARN_64_TO_32_BIT_CONVERSION = YES;
				GCC_WARN_ABOUT_RETURN_TYPE = YES_ERROR;
				GCC_WARN_UNDECLARED_SELECTOR = YES;
				GCC_WARN_UNINITIALIZED_AUTOS = YES_AGGRESSIVE;
				GCC_WARN_UNUSED_FUNCTION = YES;
				GCC_WARN_UNUSED_VARIABLE = YES;
				IPHONEOS_DEPLOYMENT_TARGET = 17.5;
				LOCALIZATION_PREFERS_STRING_CATALOGS = YES;
				MTL_ENABLE_DEBUG_INFO = INCLUDE_SOURCE;
				MTL_FAST_MATH = YES;
				ONLY_ACTIVE_ARCH = YES;
				SDKROOT = iphoneos;
			};
			name = Debug;
		};
		807D25B32D06F8B40005C9B0 /* Release */ = {
			isa = XCBuildConfiguration;
			buildSettings = {
				ALWAYS_SEARCH_USER_PATHS = NO;
				ASSETCATALOG_COMPILER_GENERATE_SWIFT_ASSET_SYMBOL_EXTENSIONS = YES;
				CLANG_ANALYZER_NONNULL = YES;
				CLANG_ANALYZER_NUMBER_OBJECT_CONVERSION = YES_AGGRESSIVE;
				CLANG_CXX_LANGUAGE_STANDARD = "gnu++20";
				CLANG_ENABLE_MODULES = YES;
				CLANG_ENABLE_OBJC_ARC = YES;
				CLANG_ENABLE_OBJC_WEAK = YES;
				CLANG_WARN_BLOCK_CAPTURE_AUTORELEASING = YES;
				CLANG_WARN_BOOL_CONVERSION = YES;
				CLANG_WARN_COMMA = YES;
				CLANG_WARN_CONSTANT_CONVERSION = YES;
				CLANG_WARN_DEPRECATED_OBJC_IMPLEMENTATIONS = YES;
				CLANG_WARN_DIRECT_OBJC_ISA_USAGE = YES_ERROR;
				CLANG_WARN_DOCUMENTATION_COMMENTS = YES;
				CLANG_WARN_EMPTY_BODY = YES;
				CLANG_WARN_ENUM_CONVERSION = YES;
				CLANG_WARN_INFINITE_RECURSION = YES;
				CLANG_WARN_INT_CONVERSION = YES;
				CLANG_WARN_NON_LITERAL_NULL_CONVERSION = YES;
				CLANG_WARN_OBJC_IMPLICIT_RETAIN_SELF = YES;
				CLANG_WARN_OBJC_LITERAL_CONVERSION = YES;
				CLANG_WARN_OBJC_ROOT_CLASS = YES_ERROR;
				CLANG_WARN_QUOTED_INCLUDE_IN_FRAMEWORK_HEADER = YES;
				CLANG_WARN_RANGE_LOOP_ANALYSIS = YES;
				CLANG_WARN_STRICT_PROTOTYPES = YES;
				CLANG_WARN_SUSPICIOUS_MOVE = YES;
				CLANG_WARN_UNGUARDED_AVAILABILITY = YES_AGGRESSIVE;
				CLANG_WARN_UNREACHABLE_CODE = YES;
				CLANG_WARN__DUPLICATE_METHOD_MATCH = YES;
				COPY_PHASE_STRIP = NO;
				DEBUG_INFORMATION_FORMAT = "dwarf-with-dsym";
				ENABLE_NS_ASSERTIONS = NO;
				ENABLE_STRICT_OBJC_MSGSEND = YES;
				ENABLE_USER_SCRIPT_SANDBOXING = YES;
				GCC_C_LANGUAGE_STANDARD = gnu17;
				GCC_NO_COMMON_BLOCKS = YES;
				GCC_WARN_64_TO_32_BIT_CONVERSION = YES;
				GCC_WARN_ABOUT_RETURN_TYPE = YES_ERROR;
				GCC_WARN_UNDECLARED_SELECTOR = YES;
				GCC_WARN_UNINITIALIZED_AUTOS = YES_AGGRESSIVE;
				GCC_WARN_UNUSED_FUNCTION = YES;
				GCC_WARN_UNUSED_VARIABLE = YES;
				IPHONEOS_DEPLOYMENT_TARGET = 17.5;
				LOCALIZATION_PREFERS_STRING_CATALOGS = YES;
				MTL_ENABLE_DEBUG_INFO = NO;
				MTL_FAST_MATH = YES;
				SDKROOT = iphoneos;
				VALIDATE_PRODUCT = YES;
			};
			name = Release;
		};
		807D25B52D06F8B40005C9B0 /* Debug */ = {
			isa = XCBuildConfiguration;
			buildSettings = {
				ASSETCATALOG_COMPILER_APPICON_NAME = AppIcon;
				ASSETCATALOG_COMPILER_GLOBAL_ACCENT_COLOR_NAME = AccentColor;
				CODE_SIGN_IDENTITY = "Apple Development";
				CODE_SIGN_STYLE = Automatic;
				CURRENT_PROJECT_VERSION = 1;
				DEVELOPMENT_TEAM = MCKS3Y3QHZ;
				GENERATE_INFOPLIST_FILE = YES;
				INFOPLIST_FILE = LJDoveCollection/Info.plist;
				INFOPLIST_KEY_UIApplicationSupportsIndirectInputEvents = YES;
				INFOPLIST_KEY_UILaunchStoryboardName = LaunchScreen;
				INFOPLIST_KEY_UIMainStoryboardFile = Main;
				INFOPLIST_KEY_UISupportedInterfaceOrientations_iPad = "UIInterfaceOrientationPortrait UIInterfaceOrientationPortraitUpsideDown UIInterfaceOrientationLandscapeLeft UIInterfaceOrientationLandscapeRight";
				INFOPLIST_KEY_UISupportedInterfaceOrientations_iPhone = "UIInterfaceOrientationPortrait UIInterfaceOrientationLandscapeLeft UIInterfaceOrientationLandscapeRight";
				IPHONEOS_DEPLOYMENT_TARGET = 10.0;
				LD_RUNPATH_SEARCH_PATHS = (
					"$(inherited)",
					"@executable_path/Frameworks",
				);
				MARKETING_VERSION = 1.0;
				PRODUCT_BUNDLE_IDENTIFIER = com.sharon.devo;
				PRODUCT_NAME = "$(TARGET_NAME)";
				PROVISIONING_PROFILE_SPECIFIER = "";
				SWIFT_EMIT_LOC_STRINGS = YES;
				TARGETED_DEVICE_FAMILY = "1,2";
			};
			name = Debug;
		};
		807D25B62D06F8B40005C9B0 /* Release */ = {
			isa = XCBuildConfiguration;
			buildSettings = {
				ASSETCATALOG_COMPILER_APPICON_NAME = AppIcon;
				ASSETCATALOG_COMPILER_GLOBAL_ACCENT_COLOR_NAME = AccentColor;
				CODE_SIGN_IDENTITY = "Apple Development";
				CODE_SIGN_STYLE = Automatic;
				CURRENT_PROJECT_VERSION = 1;
				DEVELOPMENT_TEAM = MCKS3Y3QHZ;
				GENERATE_INFOPLIST_FILE = YES;
				INFOPLIST_FILE = LJDoveCollection/Info.plist;
				INFOPLIST_KEY_UIApplicationSupportsIndirectInputEvents = YES;
				INFOPLIST_KEY_UILaunchStoryboardName = LaunchScreen;
				INFOPLIST_KEY_UIMainStoryboardFile = Main;
				INFOPLIST_KEY_UISupportedInterfaceOrientations_iPad = "UIInterfaceOrientationPortrait UIInterfaceOrientationPortraitUpsideDown UIInterfaceOrientationLandscapeLeft UIInterfaceOrientationLandscapeRight";
				INFOPLIST_KEY_UISupportedInterfaceOrientations_iPhone = "UIInterfaceOrientationPortrait UIInterfaceOrientationLandscapeLeft UIInterfaceOrientationLandscapeRight";
				IPHONEOS_DEPLOYMENT_TARGET = 10.0;
				LD_RUNPATH_SEARCH_PATHS = (
					"$(inherited)",
					"@executable_path/Frameworks",
				);
				MARKETING_VERSION = 1.0;
				PRODUCT_BUNDLE_IDENTIFIER = com.sharon.devo;
				PRODUCT_NAME = "$(TARGET_NAME)";
				PROVISIONING_PROFILE_SPECIFIER = "";
				SWIFT_EMIT_LOC_STRINGS = YES;
				TARGETED_DEVICE_FAMILY = "1,2";
			};
			name = Release;
		};
/* End XCBuildConfiguration section */

/* Begin XCConfigurationList section */
		807D25962D06F8B30005C9B0 /* Build configuration list for PBXProject "LJDoveCollection" */ = {
			isa = XCConfigurationList;
			buildConfigurations = (
				807D25B22D06F8B40005C9B0 /* Debug */,
				807D25B32D06F8B40005C9B0 /* Release */,
			);
			defaultConfigurationIsVisible = 0;
			defaultConfigurationName = Release;
		};
		807D25B42D06F8B40005C9B0 /* Build configuration list for PBXNativeTarget "LJDoveCollection" */ = {
			isa = XCConfigurationList;
			buildConfigurations = (
				807D25B52D06F8B40005C9B0 /* Debug */,
				807D25B62D06F8B40005C9B0 /* Release */,
			);
			defaultConfigurationIsVisible = 0;
			defaultConfigurationName = Release;
		};
/* End XCConfigurationList section */
	};
	rootObject = 807D25932D06F8B30005C9B0 /* Project object */;
}
